
Microsoft Visual Studio Solution File, Format Version 12.00
# Visual Studio 15
Project("{FAE04EC0-301F-11D3-BF4B-00C04F79EFBC}") = "Assembly-CSharp", "Assembly-CSharp.csproj", "{EBB36E09-F21B-7A81-DBFF-7E55DA0B66CF}"
EndProject
Global
	GlobalSection(SolutionConfigurationPlatforms) = preSolution
		Debug|Any CPU = Debug|Any CPU
		Release|Any CPU = Release|Any CPU
	EndGlobalSection
	GlobalSection(ProjectConfigurationPlatforms) = postSolution
		{EBB36E09-F21B-7A81-DBFF-7E55DA0B66CF}.Debug|Any CPU.ActiveCfg = Debug|Any CPU
		{EBB36E09-F21B-7A81-DBFF-7E55DA0B66CF}.Debug|Any CPU.Build.0 = Debug|Any CPU
		{EBB36E09-F21B-7A81-DBFF-7E55DA0B66CF}.Release|Any CPU.ActiveCfg = Release|Any CPU
		{EBB36E09-F21B-7A81-DBFF-7E55DA0B66CF}.Release|Any CPU.Build.0 = Release|Any CPU
	EndGlobalSection
	GlobalSection(SolutionProperties) = preSolution
		HideSolutionNode = FALSE
	EndGlobalSection
	GlobalSection(MonoDevelopProperties) = preSolution
		StartupItem = Assembly-CSharp.csproj
	EndGlobalSection
EndGlobal
